
Microsoft Visual Studio Solution File, Format Version 12.00
# Visual Studio Version 16
VisualStudioVersion = 16.0.31729.503
MinimumVisualStudioVersion = 10.0.40219.1
Project("{FAE04EC0-301F-11D3-BF4B-00C04F79EFBC}") = "GSimpleWinSleepPreventer", "GSimpleWinSleepPreventer\GSimpleWinSleepPreventer.csproj", "{223843D4-050C-4CB3-8226-C84F8DA3D20E}"
EndProject
Global
	GlobalSection(SolutionConfigurationPlatforms) = preSolution
		Debug|Any CPU = Debug|Any CPU
		Release|Any CPU = Release|Any CPU
	EndGlobalSection
	GlobalSection(ProjectConfigurationPlatforms) = postSolution
		{223843D4-050C-4CB3-8226-C84F8DA3D20E}.Debug|Any CPU.ActiveCfg = Debug|Any CPU
		{223843D4-050C-4CB3-8226-C84F8DA3D20E}.Debug|Any CPU.Build.0 = Debug|Any CPU
		{223843D4-050C-4CB3-8226-C84F8DA3D20E}.Release|Any CPU.ActiveCfg = Release|Any CPU
		{223843D4-050C-4CB3-8226-C84F8DA3D20E}.Release|Any CPU.Build.0 = Release|Any CPU
	EndGlobalSection
	GlobalSection(SolutionProperties) = preSolution
		HideSolutionNode = FALSE
	EndGlobalSection
	GlobalSection(ExtensibilityGlobals) = postSolution
		SolutionGuid = {8EE4F868-98A8-4164-BE65-D94F86F8AB92}
	EndGlobalSection
EndGlobal
